
Microsoft Visual Studio Solution File, Format Version 11.00
# Visual Studio 2010
Project("{FAE04EC0-301F-11D3-BF4B-00C04F79EFBC}") = "Assembly-CSharp", "Assembly-CSharp.csproj", "{65CE7BE0-2640-F0B3-09F4-239B10514BE0}"
EndProject
Project("{FAE04EC0-301F-11D3-BF4B-00C04F79EFBC}") = "Assembly-CSharp-Editor", "Assembly-CSharp-Editor.csproj", "{AF04177E-9CFA-4305-0911-F42CB4D1484F}"
EndProject
Global
	GlobalSection(SolutionConfigurationPlatforms) = preSolution
		Debug|Any CPU = Debug|Any CPU
		Release|Any CPU = Release|Any CPU
	EndGlobalSection
	GlobalSection(ProjectConfigurationPlatforms) = postSolution
		{65CE7BE0-2640-F0B3-09F4-239B10514BE0}.Debug|Any CPU.ActiveCfg = Debug|Any CPU
		{65CE7BE0-2640-F0B3-09F4-239B10514BE0}.Debug|Any CPU.Build.0 = Debug|Any CPU
		{65CE7BE0-2640-F0B3-09F4-239B10514BE0}.Release|Any CPU.ActiveCfg = Release|Any CPU
		{65CE7BE0-2640-F0B3-09F4-239B10514BE0}.Release|Any CPU.Build.0 = Release|Any CPU
		{AF04177E-9CFA-4305-0911-F42CB4D1484F}.Debug|Any CPU.ActiveCfg = Debug|Any CPU
		{AF04177E-9CFA-4305-0911-F42CB4D1484F}.Debug|Any CPU.Build.0 = Debug|Any CPU
		{AF04177E-9CFA-4305-0911-F42CB4D1484F}.Release|Any CPU.ActiveCfg = Release|Any CPU
		{AF04177E-9CFA-4305-0911-F42CB4D1484F}.Release|Any CPU.Build.0 = Release|Any CPU
	EndGlobalSection
	GlobalSection(SolutionProperties) = preSolution
		HideSolutionNode = FALSE
	EndGlobalSection
	GlobalSection(MonoDevelopProperties) = preSolution
		StartupItem = Assembly-CSharp.csproj
	EndGlobalSection
EndGlobal
